
Microsoft Visual Studio Solution File, Format Version 12.00
# Visual Studio Version 17
VisualStudioVersion = 17.14.36327.8 d17.14
MinimumVisualStudioVersion = 10.0.40219.1
Project("{FAE04EC0-301F-11D3-BF4B-00C04F79EFBC}") = "PppiTask5", "PppiTask5\PppiTask5.csproj", "{5780A55C-3ED3-4D44-BE7C-B6E0C99ECF2C}"
EndProject
Project("{FAE04EC0-301F-11D3-BF4B-00C04F79EFBC}") = "ForgeMasterTest", "ForgeMasterTest\ForgeMasterTest.csproj", "{B9358DC3-6BD4-4F6D-B4AD-B8EA87AAEC5A}"
EndProject
Global
	GlobalSection(SolutionConfigurationPlatforms) = preSolution
		Debug|Any CPU = Debug|Any CPU
		Release|Any CPU = Release|Any CPU
	EndGlobalSection
	GlobalSection(ProjectConfigurationPlatforms) = postSolution
		{5780A55C-3ED3-4D44-BE7C-B6E0C99ECF2C}.Debug|Any CPU.ActiveCfg = Debug|Any CPU
		{5780A55C-3ED3-4D44-BE7C-B6E0C99ECF2C}.Debug|Any CPU.Build.0 = Debug|Any CPU
		{5780A55C-3ED3-4D44-BE7C-B6E0C99ECF2C}.Release|Any CPU.ActiveCfg = Release|Any CPU
		{5780A55C-3ED3-4D44-BE7C-B6E0C99ECF2C}.Release|Any CPU.Build.0 = Release|Any CPU
		{B9358DC3-6BD4-4F6D-B4AD-B8EA87AAEC5A}.Debug|Any CPU.ActiveCfg = Debug|Any CPU
		{B9358DC3-6BD4-4F6D-B4AD-B8EA87AAEC5A}.Debug|Any CPU.Build.0 = Debug|Any CPU
		{B9358DC3-6BD4-4F6D-B4AD-B8EA87AAEC5A}.Release|Any CPU.ActiveCfg = Release|Any CPU
		{B9358DC3-6BD4-4F6D-B4AD-B8EA87AAEC5A}.Release|Any CPU.Build.0 = Release|Any CPU
	EndGlobalSection
	GlobalSection(SolutionProperties) = preSolution
		HideSolutionNode = FALSE
	EndGlobalSection
	GlobalSection(ExtensibilityGlobals) = postSolution
		SolutionGuid = {4F62A270-DEF8-40F9-A99A-C46F9DBF4B46}
	EndGlobalSection
EndGlobal
